// !$*UTF8*$!
{
	archiveVersion = 1;
	classes = {
	};
	objectVersion = 51;
	objects = {

/* Begin PBXBuildFile section */
		1E23B62C2515E3F300124338 /* PhotoCalenderCell.swift in Sources */ = {isa = PBXBuildFile; fileRef = 1E23B62B2515E3F300124338 /* PhotoCalenderCell.swift */; };
		1E54427924FA3BDB00575B8E /* sikaku.JPG in Resources */ = {isa = PBXBuildFile; fileRef = 1E54427824FA3BDB00575B8E /* sikaku.JPG */; };
		1E58346A24C2EA6B009C806E /* SavePhotoViewController.swift in Sources */ = {isa = PBXBuildFile; fileRef = 1E58346924C2EA6B009C806E /* SavePhotoViewController.swift */; };
		1E683378267E33B800085431 /* sikaku2.jpg in Resources */ = {isa = PBXBuildFile; fileRef = 1E683377267E33B700085431 /* sikaku2.jpg */; };
		1E77D1AE26B545EE00CBE353 /* Monochrome.jpg in Resources */ = {isa = PBXBuildFile; fileRef = 1E77D1AC26B545ED00CBE353 /* Monochrome.jpg */; };
		1E77D1AF26B545EE00CBE353 /* SepiaTone.jpg in Resources */ = {isa = PBXBuildFile; fileRef = 1E77D1AD26B545EE00CBE353 /* SepiaTone.jpg */; };
		1E77D1B126B5650100CBE353 /* FilterCell.swift in Sources */ = {isa = PBXBuildFile; fileRef = 1E77D1B026B5650100CBE353 /* FilterCell.swift */; };
		1E9B849F258DDBFA00B5D4E5 /* TextViewController.swift in Sources */ = {isa = PBXBuildFile; fileRef = 1E9B849E258DDBFA00B5D4E5 /* TextViewController.swift */; };
		1EB011D7264686BB006EBC8A /* PhotoViewController.swift in Sources */ = {isa = PBXBuildFile; fileRef = 1EB011D6264686BB006EBC8A /* PhotoViewController.swift */; };
		1ED3A17025602C2A0082BBF7 /* TableViewController.swift in Sources */ = {isa = PBXBuildFile; fileRef = 1ED3A16F25602C2A0082BBF7 /* TableViewController.swift */; };
		1EE5DEA5249DEAD0004F0A98 /* AppDelegate.swift in Sources */ = {isa = PBXBuildFile; fileRef = 1EE5DEA4249DEAD0004F0A98 /* AppDelegate.swift */; };
		1EE5DEA7249DEAD0004F0A98 /* SceneDelegate.swift in Sources */ = {isa = PBXBuildFile; fileRef = 1EE5DEA6249DEAD0004F0A98 /* SceneDelegate.swift */; };
		1EE5DEA9249DEAD0004F0A98 /* ViewController.swift in Sources */ = {isa = PBXBuildFile; fileRef = 1EE5DEA8249DEAD0004F0A98 /* ViewController.swift */; };
		1EE5DEAC249DEAD0004F0A98 /* Main.storyboard in Resources */ = {isa = PBXBuildFile; fileRef = 1EE5DEAA249DEAD0004F0A98 /* Main.storyboard */; };
		1EE5DEAE249DEAD9004F0A98 /* Assets.xcassets in Resources */ = {isa = PBXBuildFile; fileRef = 1EE5DEAD249DEAD9004F0A98 /* Assets.xcassets */; };
		1EE5DEB1249DEAD9004F0A98 /* LaunchScreen.storyboard in Resources */ = {isa = PBXBuildFile; fileRef = 1EE5DEAF249DEAD9004F0A98 /* LaunchScreen.storyboard */; };
		1EE5DEE424A86581004F0A98 /* MemoViewController.swift in Sources */ = {isa = PBXBuildFile; fileRef = 1EE5DEE324A86581004F0A98 /* MemoViewController.swift */; };
		1EE5DF9824B09843004F0A98 /* CalendarViewController.swift in Sources */ = {isa = PBXBuildFile; fileRef = 1EE5DF9724B09843004F0A98 /* CalendarViewController.swift */; };
		67EC8B12CAD2E95B0A52A48A /* Pods_TechPod.framework in Frameworks */ = {isa = PBXBuildFile; fileRef = 591868961B023CFABB3E3A83 /* Pods_TechPod.framework */; };
/* End PBXBuildFile section */

/* Begin PBXFileReference section */
		161656AC0B1C62F750FBC701 /* Pods-TechPod.debug.xcconfig */ = {isa = PBXFileReference; includeInIndex = 1; lastKnownFileType = text.xcconfig; name = "Pods-TechPod.debug.xcconfig"; path = "Target Support Files/Pods-TechPod/Pods-TechPod.debug.xcconfig"; sourceTree = "<group>"; };
		1E23B62B2515E3F300124338 /* PhotoCalenderCell.swift */ = {isa = PBXFileReference; lastKnownFileType = sourcecode.swift; path = PhotoCalenderCell.swift; sourceTree = "<group>"; };
		1E51CE28260A2D9300D228C3 /* Photo Calendar.app */ = {isa = PBXFileReference; explicitFileType = wrapper.application; includeInIndex = 0; path = "Photo Calendar.app"; sourceTree = BUILT_PRODUCTS_DIR; };
		1E51CE2F260B2F8C00D228C3 /* Photo Calendar.app */ = {isa = PBXFileReference; lastKnownFileType = wrapper.application; name = "Photo Calendar.app"; path = "../../../../Library/Developer/Xcode/DerivedData/TechPod-caumwiqojyhiaffgizcypfwovxgv/Build/Products/Debug-iphoneos/Photo Calendar.app"; sourceTree = "<group>"; };
		1E54427824FA3BDB00575B8E /* sikaku.JPG */ = {isa = PBXFileReference; lastKnownFileType = image.jpeg; path = sikaku.JPG; sourceTree = "<group>"; };
		1E58346924C2EA6B009C806E /* SavePhotoViewController.swift */ = {isa = PBXFileReference; lastKnownFileType = sourcecode.swift; path = SavePhotoViewController.swift; sourceTree = "<group>"; };
		1E683377267E33B700085431 /* sikaku2.jpg */ = {isa = PBXFileReference; lastKnownFileType = image.jpeg; path = sikaku2.jpg; sourceTree = "<group>"; };
		1E77D1AC26B545ED00CBE353 /* Monochrome.jpg */ = {isa = PBXFileReference; lastKnownFileType = image.jpeg; path = Monochrome.jpg; sourceTree = "<group>"; };
		1E77D1AD26B545EE00CBE353 /* SepiaTone.jpg */ = {isa = PBXFileReference; lastKnownFileType = image.jpeg; path = SepiaTone.jpg; sourceTree = "<group>"; };
		1E77D1B026B5650100CBE353 /* FilterCell.swift */ = {isa = PBXFileReference; lastKnownFileType = sourcecode.swift; path = FilterCell.swift; sourceTree = "<group>"; };
		1E9B849E258DDBFA00B5D4E5 /* TextViewController.swift */ = {isa = PBXFileReference; lastKnownFileType = sourcecode.swift; path = TextViewController.swift; sourceTree = "<group>"; };
		1EB011D6264686BB006EBC8A /* PhotoViewController.swift */ = {isa = PBXFileReference; lastKnownFileType = sourcecode.swift; path = PhotoViewController.swift; sourceTree = "<group>"; };
		1ED3A16F25602C2A0082BBF7 /* TableViewController.swift */ = {isa = PBXFileReference; lastKnownFileType = sourcecode.swift; path = TableViewController.swift; sourceTree = "<group>"; };
		1EE5DEA4249DEAD0004F0A98 /* AppDelegate.swift */ = {isa = PBXFileReference; lastKnownFileType = sourcecode.swift; path = AppDelegate.swift; sourceTree = "<group>"; };
		1EE5DEA6249DEAD0004F0A98 /* SceneDelegate.swift */ = {isa = PBXFileReference; lastKnownFileType = sourcecode.swift; path = SceneDelegate.swift; sourceTree = "<group>"; };
		1EE5DEA8249DEAD0004F0A98 /* ViewController.swift */ = {isa = PBXFileReference; lastKnownFileType = sourcecode.swift; path = ViewController.swift; sourceTree = "<group>"; };
		1EE5DEAB249DEAD0004F0A98 /* Base */ = {isa = PBXFileReference; lastKnownFileType = file.storyboard; name = Base; path = Base.lproj/Main.storyboard; sourceTree = "<group>"; };
		1EE5DEAD249DEAD9004F0A98 /* Assets.xcassets */ = {isa = PBXFileReference; lastKnownFileType = folder.assetcatalog; path = Assets.xcassets; sourceTree = "<group>"; };
		1EE5DEB0249DEAD9004F0A98 /* Base */ = {isa = PBXFileReference; lastKnownFileType = file.storyboard; name = Base; path = Base.lproj/LaunchScreen.storyboard; sourceTree = "<group>"; };
		1EE5DEB2249DEAD9004F0A98 /* Info.plist */ = {isa = PBXFileReference; lastKnownFileType = text.plist.xml; path = Info.plist; sourceTree = "<group>"; };
		1EE5DEE324A86581004F0A98 /* MemoViewController.swift */ = {isa = PBXFileReference; lastKnownFileType = sourcecode.swift; path = MemoViewController.swift; sourceTree = "<group>"; };
		1EE5DF9724B09843004F0A98 /* CalendarViewController.swift */ = {isa = PBXFileReference; lastKnownFileType = sourcecode.swift; path = CalendarViewController.swift; sourceTree = "<group>"; };
		22B2B3FC51357025A0E7B5A1 /* Pods-TechPod-TechPodUITests.debug.xcconfig */ = {isa = PBXFileReference; includeInIndex = 1; lastKnownFileType = text.xcconfig; name = "Pods-TechPod-TechPodUITests.debug.xcconfig"; path = "Target Support Files/Pods-TechPod-TechPodUITests/Pods-TechPod-TechPodUITests.debug.xcconfig"; sourceTree = "<group>"; };
		3D8311AB930A17B476652782 /* Pods-TechPodTests.debug.xcconfig */ = {isa = PBXFileReference; includeInIndex = 1; lastKnownFileType = text.xcconfig; name = "Pods-TechPodTests.debug.xcconfig"; path = "Target Support Files/Pods-TechPodTests/Pods-TechPodTests.debug.xcconfig"; sourceTree = "<group>"; };
		591868961B023CFABB3E3A83 /* Pods_TechPod.framework */ = {isa = PBXFileReference; explicitFileType = wrapper.framework; includeInIndex = 0; path = Pods_TechPod.framework; sourceTree = BUILT_PRODUCTS_DIR; };
		7FC42934A9990ED3E0EA77EA /* Pods-TechPodTests.release.xcconfig */ = {isa = PBXFileReference; includeInIndex = 1; lastKnownFileType = text.xcconfig; name = "Pods-TechPodTests.release.xcconfig"; path = "Target Support Files/Pods-TechPodTests/Pods-TechPodTests.release.xcconfig"; sourceTree = "<group>"; };
		F1850455832BF33087CAFF38 /* Pods-TechPod-TechPodUITests.release.xcconfig */ = {isa = PBXFileReference; includeInIndex = 1; lastKnownFileType = text.xcconfig; name = "Pods-TechPod-TechPodUITests.release.xcconfig"; path = "Target Support Files/Pods-TechPod-TechPodUITests/Pods-TechPod-TechPodUITests.release.xcconfig"; sourceTree = "<group>"; };
		FC03487938185737DABEB14A /* Pods-TechPod.release.xcconfig */ = {isa = PBXFileReference; includeInIndex = 1; lastKnownFileType = text.xcconfig; name = "Pods-TechPod.release.xcconfig"; path = "Target Support Files/Pods-TechPod/Pods-TechPod.release.xcconfig"; sourceTree = "<group>"; };
/* End PBXFileReference section */

/* Begin PBXFrameworksBuildPhase section */
		1EE5DE9E249DEAD0004F0A98 /* Frameworks */ = {
			isa = PBXFrameworksBuildPhase;
			buildActionMask = 2147483647;
			files = (
				67EC8B12CAD2E95B0A52A48A /* Pods_TechPod.framework in Frameworks */,
			);
			runOnlyForDeploymentPostprocessing = 0;
		};
/* End PBXFrameworksBuildPhase section */

/* Begin PBXGroup section */
		1EE5DE98249DEAD0004F0A98 = {
			isa = PBXGroup;
			children = (
				1EE5DEA3249DEAD0004F0A98 /* TechPod */,
				4199693340318A3E519119DD /* Pods */,
				9E8E2BA793D64935A6E3014C /* Frameworks */,
				1E51CE28260A2D9300D228C3 /* Photo Calendar.app */,
			);
			sourceTree = "<group>";
		};
		1EE5DEA3249DEAD0004F0A98 /* TechPod */ = {
			isa = PBXGroup;
			children = (
				1EE5DEA4249DEAD0004F0A98 /* AppDelegate.swift */,
				1EE5DEA6249DEAD0004F0A98 /* SceneDelegate.swift */,
				1EE5DEA8249DEAD0004F0A98 /* ViewController.swift */,
				1EE5DEE324A86581004F0A98 /* MemoViewController.swift */,
				1ED3A16F25602C2A0082BBF7 /* TableViewController.swift */,
				1EE5DF9724B09843004F0A98 /* CalendarViewController.swift */,
				1E23B62B2515E3F300124338 /* PhotoCalenderCell.swift */,
				1E9B849E258DDBFA00B5D4E5 /* TextViewController.swift */,
				1E58346924C2EA6B009C806E /* SavePhotoViewController.swift */,
				1EB011D6264686BB006EBC8A /* PhotoViewController.swift */,
				1EE5DEAA249DEAD0004F0A98 /* Main.storyboard */,
				1EE5DEAD249DEAD9004F0A98 /* Assets.xcassets */,
				1EE5DEAF249DEAD9004F0A98 /* LaunchScreen.storyboard */,
				1EE5DEB2249DEAD9004F0A98 /* Info.plist */,
				1E683377267E33B700085431 /* sikaku2.jpg */,
				1E54427824FA3BDB00575B8E /* sikaku.JPG */,
				1E77D1AC26B545ED00CBE353 /* Monochrome.jpg */,
				1E77D1AD26B545EE00CBE353 /* SepiaTone.jpg */,
				1E51CE2F260B2F8C00D228C3 /* Photo Calendar.app */,
				1E77D1B026B5650100CBE353 /* FilterCell.swift */,
			);
			path = TechPod;
			sourceTree = "<group>";
		};
		4199693340318A3E519119DD /* Pods */ = {
			isa = PBXGroup;
			children = (
				161656AC0B1C62F750FBC701 /* Pods-TechPod.debug.xcconfig */,
				FC03487938185737DABEB14A /* Pods-TechPod.release.xcconfig */,
				22B2B3FC51357025A0E7B5A1 /* Pods-TechPod-TechPodUITests.debug.xcconfig */,
				F1850455832BF33087CAFF38 /* Pods-TechPod-TechPodUITests.release.xcconfig */,
				3D8311AB930A17B476652782 /* Pods-TechPodTests.debug.xcconfig */,
				7FC42934A9990ED3E0EA77EA /* Pods-TechPodTests.release.xcconfig */,
			);
			path = Pods;
			sourceTree = "<group>";
		};
		9E8E2BA793D64935A6E3014C /* Frameworks */ = {
			isa = PBXGroup;
			children = (
				591868961B023CFABB3E3A83 /* Pods_TechPod.framework */,
			);
			name = Frameworks;
			sourceTree = "<group>";
		};
/* End PBXGroup section */

/* Begin PBXNativeTarget section */
		1EE5DEA0249DEAD0004F0A98 /* Photo Calendar */ = {
			isa = PBXNativeTarget;
			buildConfigurationList = 1EE5DECB249DEAD9004F0A98 /* Build configuration list for PBXNativeTarget "Photo Calendar" */;
			buildPhases = (
				891955E05092F7C1DFB3CBDD /* [CP] Check Pods Manifest.lock */,
				1EE5DE9D249DEAD0004F0A98 /* Sources */,
				1EE5DE9E249DEAD0004F0A98 /* Frameworks */,
				1EE5DE9F249DEAD0004F0A98 /* Resources */,
				466A9DB1755431696C162D92 /* [CP] Embed Pods Frameworks */,
			);
			buildRules = (
			);
			dependencies = (
			);
			name = "Photo Calendar";
			productName = TechPod;
			productReference = 1E51CE28260A2D9300D228C3 /* Photo Calendar.app */;
			productType = "com.apple.product-type.application";
		};
/* End PBXNativeTarget section */

/* Begin PBXProject section */
		1EE5DE99249DEAD0004F0A98 /* Project object */ = {
			isa = PBXProject;
			attributes = {
				LastSwiftUpdateCheck = 1150;
				LastUpgradeCheck = 1240;
				ORGANIZATIONNAME = "くちびる";
				TargetAttributes = {
					1EE5DEA0249DEAD0004F0A98 = {
						CreatedOnToolsVersion = 11.5;
					};
				};
			};
			buildConfigurationList = 1EE5DE9C249DEAD0004F0A98 /* Build configuration list for PBXProject "Photo Calendar" */;
			compatibilityVersion = "Xcode 9.3";
			developmentRegion = en;
			hasScannedForEncodings = 0;
			knownRegions = (
				en,
				Base,
			);
			mainGroup = 1EE5DE98249DEAD0004F0A98;
			productRefGroup = 1EE5DE98249DEAD0004F0A98;
			projectDirPath = "";
			projectRoot = "";
			targets = (
				1EE5DEA0249DEAD0004F0A98 /* Photo Calendar */,
			);
		};
/* End PBXProject section */

/* Begin PBXResourcesBuildPhase section */
		1EE5DE9F249DEAD0004F0A98 /* Resources */ = {
			isa = PBXResourcesBuildPhase;
			buildActionMask = 2147483647;
			files = (
				1E683378267E33B800085431 /* sikaku2.jpg in Resources */,
				1EE5DEB1249DEAD9004F0A98 /* LaunchScreen.storyboard in Resources */,
				1E54427924FA3BDB00575B8E /* sikaku.JPG in Resources */,
				1E77D1AF26B545EE00CBE353 /* SepiaTone.jpg in Resources */,
				1EE5DEAE249DEAD9004F0A98 /* Assets.xcassets in Resources */,
				1E77D1AE26B545EE00CBE353 /* Monochrome.jpg in Resources */,
				1EE5DEAC249DEAD0004F0A98 /* Main.storyboard in Resources */,
			);
			runOnlyForDeploymentPostprocessing = 0;
		};
/* End PBXResourcesBuildPhase section */

/* Begin PBXShellScriptBuildPhase section */
		466A9DB1755431696C162D92 /* [CP] Embed Pods Frameworks */ = {
			isa = PBXShellScriptBuildPhase;
			buildActionMask = 2147483647;
			files = (
			);
			inputFileListPaths = (
				"${PODS_ROOT}/Target Support Files/Pods-TechPod/Pods-TechPod-frameworks-${CONFIGURATION}-input-files.xcfilelist",
			);
			name = "[CP] Embed Pods Frameworks";
			outputFileListPaths = (
				"${PODS_ROOT}/Target Support Files/Pods-TechPod/Pods-TechPod-frameworks-${CONFIGURATION}-output-files.xcfilelist",
			);
			runOnlyForDeploymentPostprocessing = 0;
			shellPath = /bin/sh;
			shellScript = "\"${PODS_ROOT}/Target Support Files/Pods-TechPod/Pods-TechPod-frameworks.sh\"\n";
			showEnvVarsInLog = 0;
		};
		891955E05092F7C1DFB3CBDD /* [CP] Check Pods Manifest.lock */ = {
			isa = PBXShellScriptBuildPhase;
			buildActionMask = 2147483647;
			files = (
			);
			inputFileListPaths = (
			);
			inputPaths = (
				"${PODS_PODFILE_DIR_PATH}/Podfile.lock",
				"${PODS_ROOT}/Manifest.lock",
			);
			name = "[CP] Check Pods Manifest.lock";
			outputFileListPaths = (
			);
			outputPaths = (
				"$(DERIVED_FILE_DIR)/Pods-TechPod-checkManifestLockResult.txt",
			);
			runOnlyForDeploymentPostprocessing = 0;
			shellPath = /bin/sh;
			shellScript = "diff \"${PODS_PODFILE_DIR_PATH}/Podfile.lock\" \"${PODS_ROOT}/Manifest.lock\" > /dev/null\nif [ $? != 0 ] ; then\n    # print error to STDERR\n    echo \"error: The sandbox is not in sync with the Podfile.lock. Run 'pod install' or update your CocoaPods installation.\" >&2\n    exit 1\nfi\n# This output is used by Xcode 'outputs' to avoid re-running this script phase.\necho \"SUCCESS\" > \"${SCRIPT_OUTPUT_FILE_0}\"\n";
			showEnvVarsInLog = 0;
		};
/* End PBXShellScriptBuildPhase section */

/* Begin PBXSourcesBuildPhase section */
		1EE5DE9D249DEAD0004F0A98 /* Sources */ = {
			isa = PBXSourcesBuildPhase;
			buildActionMask = 2147483647;
			files = (
				1EE5DF9824B09843004F0A98 /* CalendarViewController.swift in Sources */,
				1E23B62C2515E3F300124338 /* PhotoCalenderCell.swift in Sources */,
				1E77D1B126B5650100CBE353 /* FilterCell.swift in Sources */,
				1EE5DEE424A86581004F0A98 /* MemoViewController.swift in Sources */,
				1E58346A24C2EA6B009C806E /* SavePhotoViewController.swift in Sources */,
				1EE5DEA9249DEAD0004F0A98 /* ViewController.swift in Sources */,
				1E9B849F258DDBFA00B5D4E5 /* TextViewController.swift in Sources */,
				1ED3A17025602C2A0082BBF7 /* TableViewController.swift in Sources */,
				1EE5DEA5249DEAD0004F0A98 /* AppDelegate.swift in Sources */,
				1EE5DEA7249DEAD0004F0A98 /* SceneDelegate.swift in Sources */,
				1EB011D7264686BB006EBC8A /* PhotoViewController.swift in Sources */,
			);
			runOnlyForDeploymentPostprocessing = 0;
		};
/* End PBXSourcesBuildPhase section */

/* Begin PBXVariantGroup section */
		1EE5DEAA249DEAD0004F0A98 /* Main.storyboard */ = {
			isa = PBXVariantGroup;
			children = (
				1EE5DEAB249DEAD0004F0A98 /* Base */,
			);
			name = Main.storyboard;
			sourceTree = "<group>";
		};
		1EE5DEAF249DEAD9004F0A98 /* LaunchScreen.storyboard */ = {
			isa = PBXVariantGroup;
			children = (
				1EE5DEB0249DEAD9004F0A98 /* Base */,
			);
			name = LaunchScreen.storyboard;
			sourceTree = "<group>";
		};
/* End PBXVariantGroup section */

/* Begin XCBuildConfiguration section */
		1EE5DEC9249DEAD9004F0A98 /* Debug */ = {
			isa = XCBuildConfiguration;
			buildSettings = {
				ALWAYS_SEARCH_USER_PATHS = NO;
				CLANG_ANALYZER_NONNULL = YES;
				CLANG_ANALYZER_NUMBER_OBJECT_CONVERSION = YES_AGGRESSIVE;
				CLANG_CXX_LANGUAGE_STANDARD = "gnu++14";
				CLANG_CXX_LIBRARY = "libc++";
				CLANG_ENABLE_MODULES = YES;
				CLANG_ENABLE_OBJC_ARC = YES;
				CLANG_ENABLE_OBJC_WEAK = YES;
				CLANG_WARN_BLOCK_CAPTURE_AUTORELEASING = YES;
				CLANG_WARN_BOOL_CONVERSION = YES;
				CLANG_WARN_COMMA = YES;
				CLANG_WARN_CONSTANT_CONVERSION = YES;
				CLANG_WARN_DEPRECATED_OBJC_IMPLEMENTATIONS = YES;
				CLANG_WARN_DIRECT_OBJC_ISA_USAGE = YES_ERROR;
				CLANG_WARN_DOCUMENTATION_COMMENTS = YES;
				CLANG_WARN_EMPTY_BODY = YES;
				CLANG_WARN_ENUM_CONVERSION = YES;
				CLANG_WARN_INFINITE_RECURSION = YES;
				CLANG_WARN_INT_CONVERSION = YES;
				CLANG_WARN_NON_LITERAL_NULL_CONVERSION = YES;
				CLANG_WARN_OBJC_IMPLICIT_RETAIN_SELF = YES;
				CLANG_WARN_OBJC_LITERAL_CONVERSION = YES;
				CLANG_WARN_OBJC_ROOT_CLASS = YES_ERROR;
				CLANG_WARN_QUOTED_INCLUDE_IN_FRAMEWORK_HEADER = YES;
				CLANG_WARN_RANGE_LOOP_ANALYSIS = YES;
				CLANG_WARN_STRICT_PROTOTYPES = YES;
				CLANG_WARN_SUSPICIOUS_MOVE = YES;
				CLANG_WARN_UNGUARDED_AVAILABILITY = YES_AGGRESSIVE;
				CLANG_WARN_UNREACHABLE_CODE = YES;
				CLANG_WARN__DUPLICATE_METHOD_MATCH = YES;
				COPY_PHASE_STRIP = NO;
				DEBUG_INFORMATION_FORMAT = dwarf;
				ENABLE_STRICT_OBJC_MSGSEND = YES;
				ENABLE_TESTABILITY = YES;
				GCC_C_LANGUAGE_STANDARD = gnu11;
				GCC_DYNAMIC_NO_PIC = NO;
				GCC_NO_COMMON_BLOCKS = YES;
				GCC_OPTIMIZATION_LEVEL = 0;
				GCC_PREPROCESSOR_DEFINITIONS = (
					"DEBUG=1",
					"$(inherited)",
				);
				GCC_WARN_64_TO_32_BIT_CONVERSION = YES;
				GCC_WARN_ABOUT_RETURN_TYPE = YES_ERROR;
				GCC_WARN_UNDECLARED_SELECTOR = YES;
				GCC_WARN_UNINITIALIZED_AUTOS = YES_AGGRESSIVE;
				GCC_WARN_UNUSED_FUNCTION = YES;
				GCC_WARN_UNUSED_VARIABLE = YES;
				IPHONEOS_DEPLOYMENT_TARGET = 14.4;
				MTL_ENABLE_DEBUG_INFO = INCLUDE_SOURCE;
				MTL_FAST_MATH = YES;
				ONLY_ACTIVE_ARCH = YES;
				SDKROOT = iphoneos;
				SWIFT_ACTIVE_COMPILATION_CONDITIONS = DEBUG;
				SWIFT_OPTIMIZATION_LEVEL = "-Onone";
			};
			name = Debug;
		};
		1EE5DECA249DEAD9004F0A98 /* Release */ = {
			isa = XCBuildConfiguration;
			buildSettings = {
				ALWAYS_SEARCH_USER_PATHS = NO;
				CLANG_ANALYZER_NONNULL = YES;
				CLANG_ANALYZER_NUMBER_OBJECT_CONVERSION = YES_AGGRESSIVE;
				CLANG_CXX_LANGUAGE_STANDARD = "gnu++14";
				CLANG_CXX_LIBRARY = "libc++";
				CLANG_ENABLE_MODULES = YES;
				CLANG_ENABLE_OBJC_ARC = YES;
				CLANG_ENABLE_OBJC_WEAK = YES;
				CLANG_WARN_BLOCK_CAPTURE_AUTORELEASING = YES;
				CLANG_WARN_BOOL_CONVERSION = YES;
				CLANG_WARN_COMMA = YES;
				CLANG_WARN_CONSTANT_CONVERSION = YES;
				CLANG_WARN_DEPRECATED_OBJC_IMPLEMENTATIONS = YES;
				CLANG_WARN_DIRECT_OBJC_ISA_USAGE = YES_ERROR;
				CLANG_WARN_DOCUMENTATION_COMMENTS = YES;
				CLANG_WARN_EMPTY_BODY = YES;
				CLANG_WARN_ENUM_CONVERSION = YES;
				CLANG_WARN_INFINITE_RECURSION = YES;
				CLANG_WARN_INT_CONVERSION = YES;
				CLANG_WARN_NON_LITERAL_NULL_CONVERSION = YES;
				CLANG_WARN_OBJC_IMPLICIT_RETAIN_SELF = YES;
				CLANG_WARN_OBJC_LITERAL_CONVERSION = YES;
				CLANG_WARN_OBJC_ROOT_CLASS = YES_ERROR;
				CLANG_WARN_QUOTED_INCLUDE_IN_FRAMEWORK_HEADER = YES;
				CLANG_WARN_RANGE_LOOP_ANALYSIS = YES;
				CLANG_WARN_STRICT_PROTOTYPES = YES;
				CLANG_WARN_SUSPICIOUS_MOVE = YES;
				CLANG_WARN_UNGUARDED_AVAILABILITY = YES_AGGRESSIVE;
				CLANG_WARN_UNREACHABLE_CODE = YES;
				CLANG_WARN__DUPLICATE_METHOD_MATCH = YES;
				COPY_PHASE_STRIP = NO;
				DEBUG_INFORMATION_FORMAT = "dwarf-with-dsym";
				ENABLE_NS_ASSERTIONS = NO;
				ENABLE_STRICT_OBJC_MSGSEND = YES;
				GCC_C_LANGUAGE_STANDARD = gnu11;
				GCC_NO_COMMON_BLOCKS = YES;
				GCC_WARN_64_TO_32_BIT_CONVERSION = YES;
				GCC_WARN_ABOUT_RETURN_TYPE = YES_ERROR;
				GCC_WARN_UNDECLARED_SELECTOR = YES;
				GCC_WARN_UNINITIALIZED_AUTOS = YES_AGGRESSIVE;
				GCC_WARN_UNUSED_FUNCTION = YES;
				GCC_WARN_UNUSED_VARIABLE = YES;
				IPHONEOS_DEPLOYMENT_TARGET = 14.4;
				MTL_ENABLE_DEBUG_INFO = NO;
				MTL_FAST_MATH = YES;
				SDKROOT = iphoneos;
				SWIFT_COMPILATION_MODE = wholemodule;
				SWIFT_OPTIMIZATION_LEVEL = "-O";
				VALIDATE_PRODUCT = YES;
			};
			name = Release;
		};
		1EE5DECC249DEAD9004F0A98 /* Debug */ = {
			isa = XCBuildConfiguration;
			baseConfigurationReference = 161656AC0B1C62F750FBC701 /* Pods-TechPod.debug.xcconfig */;
			buildSettings = {
				ASSETCATALOG_COMPILER_APPICON_NAME = AppIcon;
				CODE_SIGN_IDENTITY = "Apple Development";
				CODE_SIGN_STYLE = Automatic;
				CURRENT_PROJECT_VERSION = 1.1;
				DEVELOPMENT_TEAM = KARMKX7RDD;
				INFOPLIST_FILE = TechPod/Info.plist;
				IPHONEOS_DEPLOYMENT_TARGET = 14.4;
				LD_RUNPATH_SEARCH_PATHS = (
					"$(inherited)",
					"@executable_path/Frameworks",
				);
				MARKETING_VERSION = 14.5;
				PRODUCT_BUNDLE_IDENTIFIER = changlaimari.Calender;
				PRODUCT_NAME = "$(TARGET_NAME)";
				PROVISIONING_PROFILE_SPECIFIER = "";
				SWIFT_VERSION = 5.0;
				TARGETED_DEVICE_FAMILY = 1;
			};
			name = Debug;
		};
		1EE5DECD249DEAD9004F0A98 /* Release */ = {
			isa = XCBuildConfiguration;
			baseConfigurationReference = FC03487938185737DABEB14A /* Pods-TechPod.release.xcconfig */;
			buildSettings = {
				ASSETCATALOG_COMPILER_APPICON_NAME = AppIcon;
				CODE_SIGN_IDENTITY = "Apple Development";
				CODE_SIGN_STYLE = Automatic;
				CURRENT_PROJECT_VERSION = 1.1;
				DEVELOPMENT_TEAM = KARMKX7RDD;
				INFOPLIST_FILE = TechPod/Info.plist;
				IPHONEOS_DEPLOYMENT_TARGET = 14.4;
				LD_RUNPATH_SEARCH_PATHS = (
					"$(inherited)",
					"@executable_path/Frameworks",
				);
				MARKETING_VERSION = 14.5;
				PRODUCT_BUNDLE_IDENTIFIER = changlaimari.Calender;
				PRODUCT_NAME = "$(TARGET_NAME)";
				PROVISIONING_PROFILE_SPECIFIER = "";
				SWIFT_VERSION = 5.0;
				TARGETED_DEVICE_FAMILY = 1;
			};
			name = Release;
		};
/* End XCBuildConfiguration section */

/* Begin XCConfigurationList section */
		1EE5DE9C249DEAD0004F0A98 /* Build configuration list for PBXProject "Photo Calendar" */ = {
			isa = XCConfigurationList;
			buildConfigurations = (
				1EE5DEC9249DEAD9004F0A98 /* Debug */,
				1EE5DECA249DEAD9004F0A98 /* Release */,
			);
			defaultConfigurationIsVisible = 0;
			defaultConfigurationName = Release;
		};
		1EE5DECB249DEAD9004F0A98 /* Build configuration list for PBXNativeTarget "Photo Calendar" */ = {
			isa = XCConfigurationList;
			buildConfigurations = (
				1EE5DECC249DEAD9004F0A98 /* Debug */,
				1EE5DECD249DEAD9004F0A98 /* Release */,
			);
			defaultConfigurationIsVisible = 0;
			defaultConfigurationName = Release;
		};
/* End XCConfigurationList section */
	};
	rootObject = 1EE5DE99249DEAD0004F0A98 /* Project object */;
}
